
Microsoft Visual Studio Solution File, Format Version 11.00
# Visual Studio 2010
Project("{FAE04EC0-301F-11D3-BF4B-00C04F79EFBC}") = "AppTools", "AppTools\AppTools.csproj", "{31942FAB-F7B4-41DF-9F83-E84AB8D1E641}"
EndProject
Project("{FAE04EC0-301F-11D3-BF4B-00C04F79EFBC}") = "StandardizedComponent", "ComponentConvert\StandardizedComponent.csproj", "{8971E2C7-9292-4335-9DDE-5034DC83D457}"
EndProject
Global
	GlobalSection(SolutionConfigurationPlatforms) = preSolution
		Debug|Any CPU = Debug|Any CPU
		Debug|x86 = Debug|x86
		Release|Any CPU = Release|Any CPU
		Release|x86 = Release|x86
	EndGlobalSection
	GlobalSection(ProjectConfigurationPlatforms) = postSolution
		{31942FAB-F7B4-41DF-9F83-E84AB8D1E641}.Debug|Any CPU.ActiveCfg = Debug|Any CPU
		{31942FAB-F7B4-41DF-9F83-E84AB8D1E641}.Debug|Any CPU.Build.0 = Debug|Any CPU
		{31942FAB-F7B4-41DF-9F83-E84AB8D1E641}.Debug|x86.ActiveCfg = Debug|x86
		{31942FAB-F7B4-41DF-9F83-E84AB8D1E641}.Debug|x86.Build.0 = Debug|x86
		{31942FAB-F7B4-41DF-9F83-E84AB8D1E641}.Release|Any CPU.ActiveCfg = Release|Any CPU
		{31942FAB-F7B4-41DF-9F83-E84AB8D1E641}.Release|Any CPU.Build.0 = Release|Any CPU
		{31942FAB-F7B4-41DF-9F83-E84AB8D1E641}.Release|x86.ActiveCfg = Release|x86
		{31942FAB-F7B4-41DF-9F83-E84AB8D1E641}.Release|x86.Build.0 = Release|x86
		{8971E2C7-9292-4335-9DDE-5034DC83D457}.Debug|Any CPU.ActiveCfg = Debug|Any CPU
		{8971E2C7-9292-4335-9DDE-5034DC83D457}.Debug|Any CPU.Build.0 = Debug|Any CPU
		{8971E2C7-9292-4335-9DDE-5034DC83D457}.Debug|x86.ActiveCfg = Debug|Any CPU
		{8971E2C7-9292-4335-9DDE-5034DC83D457}.Release|Any CPU.ActiveCfg = Release|Any CPU
		{8971E2C7-9292-4335-9DDE-5034DC83D457}.Release|Any CPU.Build.0 = Release|Any CPU
		{8971E2C7-9292-4335-9DDE-5034DC83D457}.Release|x86.ActiveCfg = Release|Any CPU
	EndGlobalSection
	GlobalSection(SolutionProperties) = preSolution
		HideSolutionNode = FALSE
	EndGlobalSection
EndGlobal
